
Microsoft Visual Studio Solution File, Format Version 12.00
# Visual Studio Version 17
VisualStudioVersion = 17.0.32112.339
MinimumVisualStudioVersion = 10.0.40219.1
Project("{FAE04EC0-301F-11D3-BF4B-00C04F79EFBC}") = "Tirgul", "Tirgul\Tirgul.csproj", "{DE2AAFEE-A6C8-4155-BB1E-457B57B868DB}"
EndProject
Project("{FAE04EC0-301F-11D3-BF4B-00C04F79EFBC}") = "Luach Hakefel", "Luach Hakefel\Luach Hakefel.csproj", "{F46DC956-E9CF-47ED-B1E4-329D1D7C78A0}"
EndProject
Global
	GlobalSection(SolutionConfigurationPlatforms) = preSolution
		Debug|Any CPU = Debug|Any CPU
		Release|Any CPU = Release|Any CPU
	EndGlobalSection
	GlobalSection(ProjectConfigurationPlatforms) = postSolution
		{DE2AAFEE-A6C8-4155-BB1E-457B57B868DB}.Debug|Any CPU.ActiveCfg = Debug|Any CPU
		{DE2AAFEE-A6C8-4155-BB1E-457B57B868DB}.Debug|Any CPU.Build.0 = Debug|Any CPU
		{DE2AAFEE-A6C8-4155-BB1E-457B57B868DB}.Release|Any CPU.ActiveCfg = Release|Any CPU
		{DE2AAFEE-A6C8-4155-BB1E-457B57B868DB}.Release|Any CPU.Build.0 = Release|Any CPU
		{F46DC956-E9CF-47ED-B1E4-329D1D7C78A0}.Debug|Any CPU.ActiveCfg = Debug|Any CPU
		{F46DC956-E9CF-47ED-B1E4-329D1D7C78A0}.Debug|Any CPU.Build.0 = Debug|Any CPU
		{F46DC956-E9CF-47ED-B1E4-329D1D7C78A0}.Release|Any CPU.ActiveCfg = Release|Any CPU
		{F46DC956-E9CF-47ED-B1E4-329D1D7C78A0}.Release|Any CPU.Build.0 = Release|Any CPU
	EndGlobalSection
	GlobalSection(SolutionProperties) = preSolution
		HideSolutionNode = FALSE
	EndGlobalSection
	GlobalSection(ExtensibilityGlobals) = postSolution
		SolutionGuid = {7643D98D-D10C-4E50-953F-A6543A999936}
	EndGlobalSection
EndGlobal
